
Microsoft Visual Studio Solution File, Format Version 12.00
# Visual Studio Version 17
VisualStudioVersion = 17.14.36127.28 d17.14
MinimumVisualStudioVersion = 10.0.40219.1
Project("{FAE04EC0-301F-11D3-BF4B-00C04F79EFBC}") = "VideotonTestApp", "VideotonTestApp.csproj", "{EF6F9685-BDFE-4FFE-9B82-E116FF0747BF}"
EndProject
Global
	GlobalSection(SolutionConfigurationPlatforms) = preSolution
		Debug|Any CPU = Debug|Any CPU
		Release|Any CPU = Release|Any CPU
	EndGlobalSection
	GlobalSection(ProjectConfigurationPlatforms) = postSolution
		{EF6F9685-BDFE-4FFE-9B82-E116FF0747BF}.Debug|Any CPU.ActiveCfg = Debug|Any CPU
		{EF6F9685-BDFE-4FFE-9B82-E116FF0747BF}.Debug|Any CPU.Build.0 = Debug|Any CPU
		{EF6F9685-BDFE-4FFE-9B82-E116FF0747BF}.Release|Any CPU.ActiveCfg = Release|Any CPU
		{EF6F9685-BDFE-4FFE-9B82-E116FF0747BF}.Release|Any CPU.Build.0 = Release|Any CPU
	EndGlobalSection
	GlobalSection(SolutionProperties) = preSolution
		HideSolutionNode = FALSE
	EndGlobalSection
	GlobalSection(ExtensibilityGlobals) = postSolution
		SolutionGuid = {9CD816E9-6D29-4727-871F-19E2E8FF751B}
	EndGlobalSection
EndGlobal
